Microsoft Visual Studio Solution File, Format Version 12.00
# Visual Studio Version 17
VisualStudioVersion = 17.5.2.0
MinimumVisualStudioVersion = 10.0.40219.1
Project("{FAE04EC0-301F-11D3-BF4B-00C04F79EFBC}") = "LogicaSoundFY", "LogicaSoundFY.csproj", "{544E35D9-0E55-F321-D7AD-C96356A80B7C}"
EndProject
Global
	GlobalSection(SolutionConfigurationPlatforms) = preSolution
		Debug|Any CPU = Debug|Any CPU
		Release|Any CPU = Release|Any CPU
	EndGlobalSection
	GlobalSection(ProjectConfigurationPlatforms) = postSolution
		{544E35D9-0E55-F321-D7AD-C96356A80B7C}.Debug|Any CPU.ActiveCfg = Debug|Any CPU
		{544E35D9-0E55-F321-D7AD-C96356A80B7C}.Debug|Any CPU.Build.0 = Debug|Any CPU
		{544E35D9-0E55-F321-D7AD-C96356A80B7C}.Release|Any CPU.ActiveCfg = Release|Any CPU
		{544E35D9-0E55-F321-D7AD-C96356A80B7C}.Release|Any CPU.Build.0 = Release|Any CPU
	EndGlobalSection
	GlobalSection(SolutionProperties) = preSolution
		HideSolutionNode = FALSE
	EndGlobalSection
	GlobalSection(ExtensibilityGlobals) = postSolution
		SolutionGuid = {4F8C4A1D-80DD-418E-B3A8-885AAFF83EF2}
	EndGlobalSection
EndGlobal
